
Microsoft Visual Studio Solution File, Format Version 12.00
# Visual Studio Version 17
VisualStudioVersion = 17.12.35707.178
MinimumVisualStudioVersion = 10.0.40219.1
Project("{FAE04EC0-301F-11D3-BF4B-00C04F79EFBC}") = "1.29-01-2025-Sum", "1.29-01-2025-Round827-Div4-A-Sum\1.29-01-2025-Sum.csproj", "{47E8C7CB-8001-4508-BC9E-A17DA306BB42}"
EndProject
Project("{FAE04EC0-301F-11D3-BF4B-00C04F79EFBC}") = "2.30-01-2025-Beautiful Year", "2.30-01-2025-Beautiful Year\2.30-01-2025-Beautiful Year.csproj", "{F8365825-838F-4EDA-8C2F-CD390E0B210B}"
EndProject
Project("{FAE04EC0-301F-11D3-BF4B-00C04F79EFBC}") = "31-01-2025 Vlad-and-the-Best-of-Five", "31-01-2025 Vlad-and-the-Best-of-Five\31-01-2025 Vlad-and-the-Best-of-Five.csproj", "{CD730E0C-E2B1-4D1C-8A73-3B6AA92BB2F5}"
EndProject
Global
	GlobalSection(SolutionConfigurationPlatforms) = preSolution
		Debug|Any CPU = Debug|Any CPU
		Release|Any CPU = Release|Any CPU
	EndGlobalSection
	GlobalSection(ProjectConfigurationPlatforms) = postSolution
		{47E8C7CB-8001-4508-BC9E-A17DA306BB42}.Debug|Any CPU.ActiveCfg = Debug|Any CPU
		{47E8C7CB-8001-4508-BC9E-A17DA306BB42}.Debug|Any CPU.Build.0 = Debug|Any CPU
		{47E8C7CB-8001-4508-BC9E-A17DA306BB42}.Release|Any CPU.ActiveCfg = Release|Any CPU
		{47E8C7CB-8001-4508-BC9E-A17DA306BB42}.Release|Any CPU.Build.0 = Release|Any CPU
		{F8365825-838F-4EDA-8C2F-CD390E0B210B}.Debug|Any CPU.ActiveCfg = Debug|Any CPU
		{F8365825-838F-4EDA-8C2F-CD390E0B210B}.Debug|Any CPU.Build.0 = Debug|Any CPU
		{F8365825-838F-4EDA-8C2F-CD390E0B210B}.Release|Any CPU.ActiveCfg = Release|Any CPU
		{F8365825-838F-4EDA-8C2F-CD390E0B210B}.Release|Any CPU.Build.0 = Release|Any CPU
		{CD730E0C-E2B1-4D1C-8A73-3B6AA92BB2F5}.Debug|Any CPU.ActiveCfg = Debug|Any CPU
		{CD730E0C-E2B1-4D1C-8A73-3B6AA92BB2F5}.Debug|Any CPU.Build.0 = Debug|Any CPU
		{CD730E0C-E2B1-4D1C-8A73-3B6AA92BB2F5}.Release|Any CPU.ActiveCfg = Release|Any CPU
		{CD730E0C-E2B1-4D1C-8A73-3B6AA92BB2F5}.Release|Any CPU.Build.0 = Release|Any CPU
	EndGlobalSection
	GlobalSection(SolutionProperties) = preSolution
		HideSolutionNode = FALSE
	EndGlobalSection
EndGlobal
